
Microsoft Visual Studio Solution File, Format Version 12.00
Project("{FAE04EC0-301F-11D3-BF4B-00C04F79EFBC}") = "Haiyan.ConsoleApp", "Haiyan.ConsoleApp\Haiyan.ConsoleApp.csproj", "{B2B376A2-0EFA-4CD5-9F95-5174C54AE8F4}"
EndProject
Global
	GlobalSection(SolutionConfigurationPlatforms) = preSolution
		Debug|Any CPU = Debug|Any CPU
		Release|Any CPU = Release|Any CPU
	EndGlobalSection
	GlobalSection(ProjectConfigurationPlatforms) = postSolution
		{B2B376A2-0EFA-4CD5-9F95-5174C54AE8F4}.Debug|Any CPU.ActiveCfg = Debug|Any CPU
		{B2B376A2-0EFA-4CD5-9F95-5174C54AE8F4}.Debug|Any CPU.Build.0 = Debug|Any CPU
		{B2B376A2-0EFA-4CD5-9F95-5174C54AE8F4}.Release|Any CPU.ActiveCfg = Release|Any CPU
		{B2B376A2-0EFA-4CD5-9F95-5174C54AE8F4}.Release|Any CPU.Build.0 = Release|Any CPU
	EndGlobalSection
EndGlobal
